
Microsoft Visual Studio Solution File, Format Version 12.00
# Visual Studio 15
VisualStudioVersion = 15.0.28010.2003
MinimumVisualStudioVersion = 10.0.40219.1
Project("{FAE04EC0-301F-11D3-BF4B-00C04F79EFBC}") = "KYPopulationGrowth", "KYPopulationGrowth.csproj", "{CC316126-6587-43AE-BB9E-2CB0AF04E52E}"
EndProject
Global
	GlobalSection(SolutionConfigurationPlatforms) = preSolution
		Debug|Any CPU = Debug|Any CPU
		Release|Any CPU = Release|Any CPU
	EndGlobalSection
	GlobalSection(ProjectConfigurationPlatforms) = postSolution
		{CC316126-6587-43AE-BB9E-2CB0AF04E52E}.Debug|Any CPU.ActiveCfg = Debug|Any CPU
		{CC316126-6587-43AE-BB9E-2CB0AF04E52E}.Debug|Any CPU.Build.0 = Debug|Any CPU
		{CC316126-6587-43AE-BB9E-2CB0AF04E52E}.Release|Any CPU.ActiveCfg = Release|Any CPU
		{CC316126-6587-43AE-BB9E-2CB0AF04E52E}.Release|Any CPU.Build.0 = Release|Any CPU
	EndGlobalSection
	GlobalSection(SolutionProperties) = preSolution
		HideSolutionNode = FALSE
	EndGlobalSection
	GlobalSection(ExtensibilityGlobals) = postSolution
		SolutionGuid = {D8E8509A-1A61-42AF-BC61-64AF8FCC1643}
	EndGlobalSection
EndGlobal
